
Microsoft Visual Studio Solution File, Format Version 12.00
# Visual Studio 15
VisualStudioVersion = 15.0.28307.1259
MinimumVisualStudioVersion = 10.0.40219.1
Project("{FAE04EC0-301F-11D3-BF4B-00C04F79EFBC}") = "BaixarDejt", "BaixarDejt\BaixarDejt.csproj", "{8C229B25-7DAF-400A-B05B-5A6AE016277F}"
EndProject
Global
	GlobalSection(SolutionConfigurationPlatforms) = preSolution
		Debug|Any CPU = Debug|Any CPU
		Release|Any CPU = Release|Any CPU
	EndGlobalSection
	GlobalSection(ProjectConfigurationPlatforms) = postSolution
		{8C229B25-7DAF-400A-B05B-5A6AE016277F}.Debug|Any CPU.ActiveCfg = Debug|Any CPU
		{8C229B25-7DAF-400A-B05B-5A6AE016277F}.Debug|Any CPU.Build.0 = Debug|Any CPU
		{8C229B25-7DAF-400A-B05B-5A6AE016277F}.Release|Any CPU.ActiveCfg = Release|Any CPU
		{8C229B25-7DAF-400A-B05B-5A6AE016277F}.Release|Any CPU.Build.0 = Release|Any CPU
	EndGlobalSection
	GlobalSection(SolutionProperties) = preSolution
		HideSolutionNode = FALSE
	EndGlobalSection
	GlobalSection(ExtensibilityGlobals) = postSolution
		SolutionGuid = {ACA86CAD-5E77-44AB-8DE2-BE54CF1509B7}
	EndGlobalSection
EndGlobal
