
Microsoft Visual Studio Solution File, Format Version 12.00
# Visual Studio 15
VisualStudioVersion = 15.0.28307.1259
MinimumVisualStudioVersion = 10.0.40219.1
Project("{FAE04EC0-301F-11D3-BF4B-00C04F79EFBC}") = "ConsoleApp4", "ConsoleApp4\ConsoleApp4.csproj", "{DDD7984D-0C1A-448B-8B6D-3D7DE4657E22}"
EndProject
Global
	GlobalSection(SolutionConfigurationPlatforms) = preSolution
		Debug|Any CPU = Debug|Any CPU
		Release|Any CPU = Release|Any CPU
	EndGlobalSection
	GlobalSection(ProjectConfigurationPlatforms) = postSolution
		{DDD7984D-0C1A-448B-8B6D-3D7DE4657E22}.Debug|Any CPU.ActiveCfg = Debug|Any CPU
		{DDD7984D-0C1A-448B-8B6D-3D7DE4657E22}.Debug|Any CPU.Build.0 = Debug|Any CPU
		{DDD7984D-0C1A-448B-8B6D-3D7DE4657E22}.Release|Any CPU.ActiveCfg = Release|Any CPU
		{DDD7984D-0C1A-448B-8B6D-3D7DE4657E22}.Release|Any CPU.Build.0 = Release|Any CPU
	EndGlobalSection
	GlobalSection(SolutionProperties) = preSolution
		HideSolutionNode = FALSE
	EndGlobalSection
	GlobalSection(ExtensibilityGlobals) = postSolution
		SolutionGuid = {52BC7D67-DCFE-4103-B349-9309AAA0EE61}
	EndGlobalSection
EndGlobal
