
Microsoft Visual Studio Solution File, Format Version 12.00
# Visual Studio 15
VisualStudioVersion = 15.0.28307.1259
MinimumVisualStudioVersion = 10.0.40219.1
Project("{FAE04EC0-301F-11D3-BF4B-00C04F79EFBC}") = "BaixarDejtCore", "BaixarDejtCore\BaixarDejtCore.csproj", "{8766F384-A5D7-4A14-8EE9-7C7D11DBBC51}"
EndProject
Global
	GlobalSection(SolutionConfigurationPlatforms) = preSolution
		Debug|Any CPU = Debug|Any CPU
		Release|Any CPU = Release|Any CPU
	EndGlobalSection
	GlobalSection(ProjectConfigurationPlatforms) = postSolution
		{8766F384-A5D7-4A14-8EE9-7C7D11DBBC51}.Debug|Any CPU.ActiveCfg = Debug|Any CPU
		{8766F384-A5D7-4A14-8EE9-7C7D11DBBC51}.Debug|Any CPU.Build.0 = Debug|Any CPU
		{8766F384-A5D7-4A14-8EE9-7C7D11DBBC51}.Release|Any CPU.ActiveCfg = Release|Any CPU
		{8766F384-A5D7-4A14-8EE9-7C7D11DBBC51}.Release|Any CPU.Build.0 = Release|Any CPU
	EndGlobalSection
	GlobalSection(SolutionProperties) = preSolution
		HideSolutionNode = FALSE
	EndGlobalSection
	GlobalSection(ExtensibilityGlobals) = postSolution
		SolutionGuid = {EA32BF1C-E179-42EA-A9FF-F06446E682C7}
	EndGlobalSection
EndGlobal
